Microsoft Visual Studio Solution File, Format Version 11.00
# Visual Studio 2010
Project("{FAE04EC0-301F-11D3-BF4B-00C04F79EFBC}") = "Assembly-CSharp", "Assembly-CSharp.csproj", "{55246415-3761-C479-6FF4-B5E64836369C}"
EndProject
Global
	GlobalSection(SolutionConfigurationPlatforms) = preSolution
		Debug|Any CPU = Debug|Any CPU
		Release|Any CPU = Release|Any CPU
	EndGlobalSection
	GlobalSection(ProjectConfigurationPlatforms) = postSolution
		{55246415-3761-C479-6FF4-B5E64836369C}.Debug|Any CPU.ActiveCfg = Debug|Any CPU
		{55246415-3761-C479-6FF4-B5E64836369C}.Debug|Any CPU.Build.0 = Debug|Any CPU
		{55246415-3761-C479-6FF4-B5E64836369C}.Release|Any CPU.ActiveCfg = Release|Any CPU
		{55246415-3761-C479-6FF4-B5E64836369C}.Release|Any CPU.Build.0 = Release|Any CPU
	EndGlobalSection
	GlobalSection(SolutionProperties) = preSolution
		HideSolutionNode = FALSE
	EndGlobalSection
	GlobalSection(MonoDevelopProperties) = preSolution
		StartupItem = Assembly-CSharp.csproj
	EndGlobalSection
EndGlobal
